
Microsoft Visual Studio Solution File, Format Version 12.00
# Visual Studio Version 16
VisualStudioVersion = 16.0.30114.105
MinimumVisualStudioVersion = 10.0.40219.1
Project("{FAE04EC0-301F-11D3-BF4B-00C04F79EFBC}") = "Craftsoholics.WebSite", "Craftsoholics.WebSite\Craftsoholics.WebSite.csproj", "{07FB67E3-9F80-4F3C-BF83-4031E61A96C6}"
EndProject
Global
	GlobalSection(SolutionConfigurationPlatforms) = preSolution
		Debug|Any CPU = Debug|Any CPU
		Release|Any CPU = Release|Any CPU
	EndGlobalSection
	GlobalSection(ProjectConfigurationPlatforms) = postSolution
		{07FB67E3-9F80-4F3C-BF83-4031E61A96C6}.Debug|Any CPU.ActiveCfg = Debug|Any CPU
		{07FB67E3-9F80-4F3C-BF83-4031E61A96C6}.Debug|Any CPU.Build.0 = Debug|Any CPU
		{07FB67E3-9F80-4F3C-BF83-4031E61A96C6}.Release|Any CPU.ActiveCfg = Release|Any CPU
		{07FB67E3-9F80-4F3C-BF83-4031E61A96C6}.Release|Any CPU.Build.0 = Release|Any CPU
	EndGlobalSection
	GlobalSection(SolutionProperties) = preSolution
		HideSolutionNode = FALSE
	EndGlobalSection
	GlobalSection(ExtensibilityGlobals) = postSolution
		SolutionGuid = {39F0D79D-ECD9-41BA-AE92-5BBDBA119609}
	EndGlobalSection
EndGlobal
